
Microsoft Visual Studio Solution File, Format Version 12.00
# Visual Studio 15
VisualStudioVersion = 15.0.27130.0
MinimumVisualStudioVersion = 10.0.40219.1
Project("{FAE04EC0-301F-11D3-BF4B-00C04F79EFBC}") = "Library", "Library\Library.csproj", "{215D94D3-1630-43F5-A5E2-F5951A13868C}"
EndProject
Global
	GlobalSection(SolutionConfigurationPlatforms) = preSolution
		Debug|Any CPU = Debug|Any CPU
		Release|Any CPU = Release|Any CPU
	EndGlobalSection
	GlobalSection(ProjectConfigurationPlatforms) = postSolution
		{215D94D3-1630-43F5-A5E2-F5951A13868C}.Debug|Any CPU.ActiveCfg = Debug|Any CPU
		{215D94D3-1630-43F5-A5E2-F5951A13868C}.Debug|Any CPU.Build.0 = Debug|Any CPU
		{215D94D3-1630-43F5-A5E2-F5951A13868C}.Release|Any CPU.ActiveCfg = Release|Any CPU
		{215D94D3-1630-43F5-A5E2-F5951A13868C}.Release|Any CPU.Build.0 = Release|Any CPU
	EndGlobalSection
	GlobalSection(SolutionProperties) = preSolution
		HideSolutionNode = FALSE
	EndGlobalSection
	GlobalSection(ExtensibilityGlobals) = postSolution
		SolutionGuid = {9A40AE31-0549-4E35-A941-7A6D3AF0B7C3}
	EndGlobalSection
EndGlobal
